
Microsoft Visual Studio Solution File, Format Version 12.00
# Visual Studio Version 16
VisualStudioVersion = 16.0.32929.386
MinimumVisualStudioVersion = 10.0.40219.1
Project("{FAE04EC0-301F-11D3-BF4B-00C04F79EFBC}") = "Phramacy New", "Phramacy New\Phramacy New.csproj", "{A117D19B-55C7-4BAE-805F-6695F83FAAB9}"
EndProject
Project("{FAE04EC0-301F-11D3-BF4B-00C04F79EFBC}") = "Entities", "Entities\Entities.csproj", "{0D317110-CE05-4879-B7E0-773B3A78795E}"
EndProject
Project("{FAE04EC0-301F-11D3-BF4B-00C04F79EFBC}") = "Model", "Model\Model.csproj", "{8F1EDF1D-621F-4D98-805F-6ACBC82150EE}"
EndProject
Global
	GlobalSection(SolutionConfigurationPlatforms) = preSolution
		Debug|Any CPU = Debug|Any CPU
		Release|Any CPU = Release|Any CPU
	EndGlobalSection
	GlobalSection(ProjectConfigurationPlatforms) = postSolution
		{A117D19B-55C7-4BAE-805F-6695F83FAAB9}.Debug|Any CPU.ActiveCfg = Debug|Any CPU
		{A117D19B-55C7-4BAE-805F-6695F83FAAB9}.Debug|Any CPU.Build.0 = Debug|Any CPU
		{A117D19B-55C7-4BAE-805F-6695F83FAAB9}.Release|Any CPU.ActiveCfg = Release|Any CPU
		{A117D19B-55C7-4BAE-805F-6695F83FAAB9}.Release|Any CPU.Build.0 = Release|Any CPU
		{0D317110-CE05-4879-B7E0-773B3A78795E}.Debug|Any CPU.ActiveCfg = Debug|Any CPU
		{0D317110-CE05-4879-B7E0-773B3A78795E}.Debug|Any CPU.Build.0 = Debug|Any CPU
		{0D317110-CE05-4879-B7E0-773B3A78795E}.Release|Any CPU.ActiveCfg = Release|Any CPU
		{0D317110-CE05-4879-B7E0-773B3A78795E}.Release|Any CPU.Build.0 = Release|Any CPU
		{8F1EDF1D-621F-4D98-805F-6ACBC82150EE}.Debug|Any CPU.ActiveCfg = Debug|Any CPU
		{8F1EDF1D-621F-4D98-805F-6ACBC82150EE}.Debug|Any CPU.Build.0 = Debug|Any CPU
		{8F1EDF1D-621F-4D98-805F-6ACBC82150EE}.Release|Any CPU.ActiveCfg = Release|Any CPU
		{8F1EDF1D-621F-4D98-805F-6ACBC82150EE}.Release|Any CPU.Build.0 = Release|Any CPU
	EndGlobalSection
	GlobalSection(SolutionProperties) = preSolution
		HideSolutionNode = FALSE
	EndGlobalSection
	GlobalSection(ExtensibilityGlobals) = postSolution
		SolutionGuid = {1277195E-1E23-4454-9F4C-BDE271982B90}
	EndGlobalSection
EndGlobal
